Microsoft Visual Studio Solution File, Format Version 12.00
# Visual Studio Version 17
VisualStudioVersion = 17.5.2.0
MinimumVisualStudioVersion = 10.0.40219.1
Project("{FAE04EC0-301F-11D3-BF4B-00C04F79EFBC}") = "StrategoGameServer", "StrategoGameServer.csproj", "{80AEB22A-1C03-7C97-27E8-AE306CACECB8}"
EndProject
Global
	GlobalSection(SolutionConfigurationPlatforms) = preSolution
		Debug|Any CPU = Debug|Any CPU
		Release|Any CPU = Release|Any CPU
	EndGlobalSection
	GlobalSection(ProjectConfigurationPlatforms) = postSolution
		{80AEB22A-1C03-7C97-27E8-AE306CACECB8}.Debug|Any CPU.ActiveCfg = Debug|Any CPU
		{80AEB22A-1C03-7C97-27E8-AE306CACECB8}.Debug|Any CPU.Build.0 = Debug|Any CPU
		{80AEB22A-1C03-7C97-27E8-AE306CACECB8}.Release|Any CPU.ActiveCfg = Release|Any CPU
		{80AEB22A-1C03-7C97-27E8-AE306CACECB8}.Release|Any CPU.Build.0 = Release|Any CPU
	EndGlobalSection
	GlobalSection(SolutionProperties) = preSolution
		HideSolutionNode = FALSE
	EndGlobalSection
	GlobalSection(ExtensibilityGlobals) = postSolution
		SolutionGuid = {D78BB1C6-DE6C-432C-B4DC-74DC78CCC3FA}
	EndGlobalSection
EndGlobal
